
Microsoft Visual Studio Solution File, Format Version 12.00
# Visual Studio Version 17
VisualStudioVersion = 17.11.35312.102
MinimumVisualStudioVersion = 10.0.40219.1
Project("{8BC9CEB8-8B4A-11D0-8D11-00A0C91BC942}") = "Actividad 3 Fondo", "Actividad 3 Fondo.vcxproj", "{E5833552-1A6A-48FA-BEFE-0088308DF9A9}"
EndProject
Global
	GlobalSection(SolutionConfigurationPlatforms) = preSolution
		Debug|x64 = Debug|x64
		Debug|x86 = Debug|x86
		Release|x64 = Release|x64
		Release|x86 = Release|x86
	EndGlobalSection
	GlobalSection(ProjectConfigurationPlatforms) = postSolution
		{E5833552-1A6A-48FA-BEFE-0088308DF9A9}.Debug|x64.ActiveCfg = Debug|x64
		{E5833552-1A6A-48FA-BEFE-0088308DF9A9}.Debug|x64.Build.0 = Debug|x64
		{E5833552-1A6A-48FA-BEFE-0088308DF9A9}.Debug|x86.ActiveCfg = Debug|Win32
		{E5833552-1A6A-48FA-BEFE-0088308DF9A9}.Debug|x86.Build.0 = Debug|Win32
		{E5833552-1A6A-48FA-BEFE-0088308DF9A9}.Release|x64.ActiveCfg = Release|x64
		{E5833552-1A6A-48FA-BEFE-0088308DF9A9}.Release|x64.Build.0 = Release|x64
		{E5833552-1A6A-48FA-BEFE-0088308DF9A9}.Release|x86.ActiveCfg = Release|Win32
		{E5833552-1A6A-48FA-BEFE-0088308DF9A9}.Release|x86.Build.0 = Release|Win32
	EndGlobalSection
	GlobalSection(SolutionProperties) = preSolution
		HideSolutionNode = FALSE
	EndGlobalSection
	GlobalSection(ExtensibilityGlobals) = postSolution
		SolutionGuid = {12844B22-8D64-475C-942C-942071FE62EA}
	EndGlobalSection
EndGlobal
